
Microsoft Visual Studio Solution File, Format Version 12.00
# Visual Studio Version 17
VisualStudioVersion = 17.9.34622.214
MinimumVisualStudioVersion = 10.0.40219.1
Project("{FAE04EC0-301F-11D3-BF4B-00C04F79EFBC}") = "gitpipe", "gitpipe\gitpipe.csproj", "{B5493447-AB12-44AF-9EF3-F6488B176291}"
EndProject
Global
	GlobalSection(SolutionConfigurationPlatforms) = preSolution
		Debug|Any CPU = Debug|Any CPU
		Release|Any CPU = Release|Any CPU
	EndGlobalSection
	GlobalSection(ProjectConfigurationPlatforms) = postSolution
		{B5493447-AB12-44AF-9EF3-F6488B176291}.Debug|Any CPU.ActiveCfg = Debug|Any CPU
		{B5493447-AB12-44AF-9EF3-F6488B176291}.Debug|Any CPU.Build.0 = Debug|Any CPU
		{B5493447-AB12-44AF-9EF3-F6488B176291}.Release|Any CPU.ActiveCfg = Release|Any CPU
		{B5493447-AB12-44AF-9EF3-F6488B176291}.Release|Any CPU.Build.0 = Release|Any CPU
	EndGlobalSection
	GlobalSection(SolutionProperties) = preSolution
		HideSolutionNode = FALSE
	EndGlobalSection
	GlobalSection(ExtensibilityGlobals) = postSolution
		SolutionGuid = {729B4F33-1B31-4BA5-A6D3-954C58245B0A}
	EndGlobalSection
EndGlobal
